
Microsoft Visual Studio Solution File, Format Version 12.00
# Visual Studio Version 16
VisualStudioVersion = 16.0.31624.102
MinimumVisualStudioVersion = 10.0.40219.1
Project("{9A19103F-16F7-4668-BE54-9A1E7A4F7556}") = "MossApp.UI", "MossApp.UI\MossApp.UI.csproj", "{5F961654-81E2-4653-ABCC-D90FF3F95C63}"
EndProject
Project("{9A19103F-16F7-4668-BE54-9A1E7A4F7556}") = "MossApp.WPF", "MossApp.WPF\MossApp.WPF.csproj", "{A49CF8FE-8C65-4069-B60B-1566F285FED5}"
EndProject
Project("{9A19103F-16F7-4668-BE54-9A1E7A4F7556}") = "MossApp.Utilities", "MossApp.Utilities\MossApp.Utilities.csproj", "{E45A28A4-C3B3-4D4C-8869-B0C38EF62124}"
EndProject
Project("{2150E333-8FDC-42A3-9474-1A3956D46DE8}") = "Solution Items", "Solution Items", "{12C8192A-CC7D-4B69-934D-687E30E62967}"
	ProjectSection(SolutionItems) = preProject
		.editorconfig = .editorconfig
	EndProjectSection
EndProject
Project("{9A19103F-16F7-4668-BE54-9A1E7A4F7556}") = "MossApp.Data", "MossApp.Model\MossApp.Data.csproj", "{CF99C335-0EA8-4A96-BA34-89DB830F1713}"
EndProject
Project("{9A19103F-16F7-4668-BE54-9A1E7A4F7556}") = "MossApp.Modules.Request", "MossApp.Modules.Request\MossApp.Modules.Request.csproj", "{2E0B77EB-A29B-4EA3-A7F2-F352F2B675B6}"
EndProject
Project("{FAE04EC0-301F-11D3-BF4B-00C04F79EFBC}") = "MossApp.Modules.SourceFileList", "MossApp.Modules.SourceFileList\MossApp.Modules.SourceFileList.csproj", "{632D0385-2C77-4667-84E1-266D86BD7CDA}"
EndProject
Project("{9A19103F-16F7-4668-BE54-9A1E7A4F7556}") = "MossApp.Common", "MossApp.Common\MossApp.Common.csproj", "{20EF1708-E05E-44D9-911A-855018DFC7CA}"
EndProject
Global
	GlobalSection(SolutionConfigurationPlatforms) = preSolution
		Debug|Any CPU = Debug|Any CPU
		Release|Any CPU = Release|Any CPU
	EndGlobalSection
	GlobalSection(ProjectConfigurationPlatforms) = postSolution
		{5F961654-81E2-4653-ABCC-D90FF3F95C63}.Debug|Any CPU.ActiveCfg = Debug|Any CPU
		{5F961654-81E2-4653-ABCC-D90FF3F95C63}.Debug|Any CPU.Build.0 = Debug|Any CPU
		{5F961654-81E2-4653-ABCC-D90FF3F95C63}.Release|Any CPU.ActiveCfg = Release|Any CPU
		{5F961654-81E2-4653-ABCC-D90FF3F95C63}.Release|Any CPU.Build.0 = Release|Any CPU
		{A49CF8FE-8C65-4069-B60B-1566F285FED5}.Debug|Any CPU.ActiveCfg = Debug|Any CPU
		{A49CF8FE-8C65-4069-B60B-1566F285FED5}.Debug|Any CPU.Build.0 = Debug|Any CPU
		{A49CF8FE-8C65-4069-B60B-1566F285FED5}.Release|Any CPU.ActiveCfg = Release|Any CPU
		{A49CF8FE-8C65-4069-B60B-1566F285FED5}.Release|Any CPU.Build.0 = Release|Any CPU
		{E45A28A4-C3B3-4D4C-8869-B0C38EF62124}.Debug|Any CPU.ActiveCfg = Debug|Any CPU
		{E45A28A4-C3B3-4D4C-8869-B0C38EF62124}.Debug|Any CPU.Build.0 = Debug|Any CPU
		{E45A28A4-C3B3-4D4C-8869-B0C38EF62124}.Release|Any CPU.ActiveCfg = Release|Any CPU
		{E45A28A4-C3B3-4D4C-8869-B0C38EF62124}.Release|Any CPU.Build.0 = Release|Any CPU
		{CF99C335-0EA8-4A96-BA34-89DB830F1713}.Debug|Any CPU.ActiveCfg = Debug|Any CPU
		{CF99C335-0EA8-4A96-BA34-89DB830F1713}.Debug|Any CPU.Build.0 = Debug|Any CPU
		{CF99C335-0EA8-4A96-BA34-89DB830F1713}.Release|Any CPU.ActiveCfg = Release|Any CPU
		{CF99C335-0EA8-4A96-BA34-89DB830F1713}.Release|Any CPU.Build.0 = Release|Any CPU
		{2E0B77EB-A29B-4EA3-A7F2-F352F2B675B6}.Debug|Any CPU.ActiveCfg = Debug|Any CPU
		{2E0B77EB-A29B-4EA3-A7F2-F352F2B675B6}.Debug|Any CPU.Build.0 = Debug|Any CPU
		{2E0B77EB-A29B-4EA3-A7F2-F352F2B675B6}.Release|Any CPU.ActiveCfg = Release|Any CPU
		{2E0B77EB-A29B-4EA3-A7F2-F352F2B675B6}.Release|Any CPU.Build.0 = Release|Any CPU
		{632D0385-2C77-4667-84E1-266D86BD7CDA}.Debug|Any CPU.ActiveCfg = Debug|Any CPU
		{632D0385-2C77-4667-84E1-266D86BD7CDA}.Debug|Any CPU.Build.0 = Debug|Any CPU
		{632D0385-2C77-4667-84E1-266D86BD7CDA}.Release|Any CPU.ActiveCfg = Release|Any CPU
		{632D0385-2C77-4667-84E1-266D86BD7CDA}.Release|Any CPU.Build.0 = Release|Any CPU
		{20EF1708-E05E-44D9-911A-855018DFC7CA}.Debug|Any CPU.ActiveCfg = Debug|Any CPU
		{20EF1708-E05E-44D9-911A-855018DFC7CA}.Debug|Any CPU.Build.0 = Debug|Any CPU
		{20EF1708-E05E-44D9-911A-855018DFC7CA}.Release|Any CPU.ActiveCfg = Release|Any CPU
		{20EF1708-E05E-44D9-911A-855018DFC7CA}.Release|Any CPU.Build.0 = Release|Any CPU
	EndGlobalSection
	GlobalSection(SolutionProperties) = preSolution
		HideSolutionNode = FALSE
	EndGlobalSection
	GlobalSection(ExtensibilityGlobals) = postSolution
		SolutionGuid = {2E72C278-4823-4B74-BDA1-02EA2F297117}
	EndGlobalSection
EndGlobal
